
Microsoft Visual Studio Solution File, Format Version 12.00
# Visual Studio Version 17
VisualStudioVersion = 17.3.32901.215
MinimumVisualStudioVersion = 10.0.40219.1
Project("{FAE04EC0-301F-11D3-BF4B-00C04F79EFBC}") = "Volunteer_Management_System", "Volunteer_Management_System\Volunteer_Management_System.csproj", "{94729C35-A980-4369-8DFD-ED1895415EF1}"
EndProject
Global
	GlobalSection(SolutionConfigurationPlatforms) = preSolution
		Debug|Any CPU = Debug|Any CPU
		Release|Any CPU = Release|Any CPU
	EndGlobalSection
	GlobalSection(ProjectConfigurationPlatforms) = postSolution
		{94729C35-A980-4369-8DFD-ED1895415EF1}.Debug|Any CPU.ActiveCfg = Debug|Any CPU
		{94729C35-A980-4369-8DFD-ED1895415EF1}.Debug|Any CPU.Build.0 = Debug|Any CPU
		{94729C35-A980-4369-8DFD-ED1895415EF1}.Release|Any CPU.ActiveCfg = Release|Any CPU
		{94729C35-A980-4369-8DFD-ED1895415EF1}.Release|Any CPU.Build.0 = Release|Any CPU
	EndGlobalSection
	GlobalSection(SolutionProperties) = preSolution
		HideSolutionNode = FALSE
	EndGlobalSection
	GlobalSection(ExtensibilityGlobals) = postSolution
		SolutionGuid = {DEC117CB-7365-4DCB-A5D0-9BDDFE99AD78}
	EndGlobalSection
EndGlobal
